
Microsoft Visual Studio Solution File, Format Version 12.00
# Visual Studio Version 17
VisualStudioVersion = 17.7.34221.43
MinimumVisualStudioVersion = 10.0.40219.1
Project("{9A19103F-16F7-4668-BE54-9A1E7A4F7556}") = "RestaurantSignalRProject.WebApi", "RestaurantSignalRProject.WebApi\RestaurantSignalRProject.WebApi.csproj", "{0AAC6A0D-706A-4484-B8FB-D4ADE8144928}"
EndProject
Project("{9A19103F-16F7-4668-BE54-9A1E7A4F7556}") = "RestaurantSignalRProject.EntityLayer", "RestaurantSignalRProject.EntityLayer\RestaurantSignalRProject.EntityLayer.csproj", "{1D78E1BF-95D5-4CDE-B5BA-B0D1F89471C4}"
EndProject
Project("{9A19103F-16F7-4668-BE54-9A1E7A4F7556}") = "RestaurantSignalRProject.DataAccessLayer", "RestaurantSignalRProject.DataAccessLayer\RestaurantSignalRProject.DataAccessLayer.csproj", "{793EBE8E-DB7B-4FFA-A469-E52BD1F6F22E}"
EndProject
Project("{9A19103F-16F7-4668-BE54-9A1E7A4F7556}") = "RestaurantSignalRProject.BusinessLayer", "RestaurantSignalRProject.BusinessLayer\RestaurantSignalRProject.BusinessLayer.csproj", "{671D8A60-D082-44C3-A044-F85C7F85BBC4}"
EndProject
Project("{9A19103F-16F7-4668-BE54-9A1E7A4F7556}") = "RestaurantSignalRProject.DtoLayer", "RestaurantSignalRProject.DtoLayer\RestaurantSignalRProject.DtoLayer.csproj", "{A9675E42-8188-4C8C-9E6F-46196D9B3A72}"
EndProject
Project("{FAE04EC0-301F-11D3-BF4B-00C04F79EFBC}") = "RestaurantSignalRProject.WebApp", "RestaurantSignalRProject.WebApp\RestaurantSignalRProject.WebApp.csproj", "{CFE870DD-33C4-44B6-BCA8-2ACC03FE5BDF}"
EndProject
Global
	GlobalSection(SolutionConfigurationPlatforms) = preSolution
		Debug|Any CPU = Debug|Any CPU
		Release|Any CPU = Release|Any CPU
	EndGlobalSection
	GlobalSection(ProjectConfigurationPlatforms) = postSolution
		{0AAC6A0D-706A-4484-B8FB-D4ADE8144928}.Debug|Any CPU.ActiveCfg = Debug|Any CPU
		{0AAC6A0D-706A-4484-B8FB-D4ADE8144928}.Debug|Any CPU.Build.0 = Debug|Any CPU
		{0AAC6A0D-706A-4484-B8FB-D4ADE8144928}.Release|Any CPU.ActiveCfg = Release|Any CPU
		{0AAC6A0D-706A-4484-B8FB-D4ADE8144928}.Release|Any CPU.Build.0 = Release|Any CPU
		{1D78E1BF-95D5-4CDE-B5BA-B0D1F89471C4}.Debug|Any CPU.ActiveCfg = Debug|Any CPU
		{1D78E1BF-95D5-4CDE-B5BA-B0D1F89471C4}.Debug|Any CPU.Build.0 = Debug|Any CPU
		{1D78E1BF-95D5-4CDE-B5BA-B0D1F89471C4}.Release|Any CPU.ActiveCfg = Release|Any CPU
		{1D78E1BF-95D5-4CDE-B5BA-B0D1F89471C4}.Release|Any CPU.Build.0 = Release|Any CPU
		{793EBE8E-DB7B-4FFA-A469-E52BD1F6F22E}.Debug|Any CPU.ActiveCfg = Debug|Any CPU
		{793EBE8E-DB7B-4FFA-A469-E52BD1F6F22E}.Debug|Any CPU.Build.0 = Debug|Any CPU
		{793EBE8E-DB7B-4FFA-A469-E52BD1F6F22E}.Release|Any CPU.ActiveCfg = Release|Any CPU
		{793EBE8E-DB7B-4FFA-A469-E52BD1F6F22E}.Release|Any CPU.Build.0 = Release|Any CPU
		{671D8A60-D082-44C3-A044-F85C7F85BBC4}.Debug|Any CPU.ActiveCfg = Debug|Any CPU
		{671D8A60-D082-44C3-A044-F85C7F85BBC4}.Debug|Any CPU.Build.0 = Debug|Any CPU
		{671D8A60-D082-44C3-A044-F85C7F85BBC4}.Release|Any CPU.ActiveCfg = Release|Any CPU
		{671D8A60-D082-44C3-A044-F85C7F85BBC4}.Release|Any CPU.Build.0 = Release|Any CPU
		{A9675E42-8188-4C8C-9E6F-46196D9B3A72}.Debug|Any CPU.ActiveCfg = Debug|Any CPU
		{A9675E42-8188-4C8C-9E6F-46196D9B3A72}.Debug|Any CPU.Build.0 = Debug|Any CPU
		{A9675E42-8188-4C8C-9E6F-46196D9B3A72}.Release|Any CPU.ActiveCfg = Release|Any CPU
		{A9675E42-8188-4C8C-9E6F-46196D9B3A72}.Release|Any CPU.Build.0 = Release|Any CPU
		{CFE870DD-33C4-44B6-BCA8-2ACC03FE5BDF}.Debug|Any CPU.ActiveCfg = Debug|Any CPU
		{CFE870DD-33C4-44B6-BCA8-2ACC03FE5BDF}.Debug|Any CPU.Build.0 = Debug|Any CPU
		{CFE870DD-33C4-44B6-BCA8-2ACC03FE5BDF}.Release|Any CPU.ActiveCfg = Release|Any CPU
		{CFE870DD-33C4-44B6-BCA8-2ACC03FE5BDF}.Release|Any CPU.Build.0 = Release|Any CPU
	EndGlobalSection
	GlobalSection(SolutionProperties) = preSolution
		HideSolutionNode = FALSE
	EndGlobalSection
	GlobalSection(ExtensibilityGlobals) = postSolution
		SolutionGuid = {B5B24632-5BB3-4491-BD08-74DFFDC06D45}
	EndGlobalSection
EndGlobal
